ariga.io/atlas v0.19.2 h1:ulK06d4joEaMP06HNNPxdpD8dFgZGzjzjk+Mb5VfF08=
ariga.io/atlas v0.19.2/go.mod h1:VPlcXdd4w2KqKnH54yEZcry79UAhpaWaxEsmn5JRNoE=
entgo.io/ent v0.13.1 h1:uD8QwN1h6SNphdCCzmkMN3feSUzNnVvV/WIkHKMbzOE=
entgo.io/ent v0.13.1/go.mod h1:qCEmo+biw3ccBn9OyL4ZK5dfpwg++l1Gxwac5B1206A=
filippo.io/edwards25519 v1.1.0 h1:FNf4tywRC1HmFuKW5xopWpigGjJKiJSV0Cqo0cJWDaA=
filippo.io/edwards25519 v1.1.0/go.mod h1:BxyFTGdWcka3PhytdK4V28tE5sGfRvvvRV7EaN4VDT4=
github.com/DATA-DOG/go-sqlmock v1.5.0 h1:Shsta01QNfFxHCfpW6YH2STWB0MudeXXEWMr20OEh60=
github.com/DATA-DOG/go-sqlmock v1.5.0/go.mod h1:f/Ixk793poVmq4qj/V1dPUg2JEAKC73Q5eFN3EC/SaM=
github.com/agext/levenshtein v1.2.3 h1:YB2fHEn0UJagG8T1rrWknE3ZQzWM06O8AMAatNn7lmo=
github.com/agext/levenshtein v1.2.3/go.mod h1:JEDfjyjHDjOF/1e4FlBE/PkbqA9OfWu2ki2W0IB5558=
github.com/apparentlymart/go-textseg/v15 v15.0.0 h1:uYvfpb3DyLSCGWnctWKGj857c6ew1u1fNQOlOtuGxQY=
github.com/apparentlymart/go-textseg/v15 v15.0.0/go.mod h1:K8XmNZdhEBkdlyDdvbmmsvpAG721bKi0joRfFdHIWJ4=
github.com/davecgh/go-spew v1.1.1 h1:vj9j/u1bqnvCEfJOwUhtlOARqs3+rkHYY13jYWTU97c=
github.com/davecgh/go-spew v1.1.1/go.mod h1:J7Y8YcW2NihsgmVo/mv3lAwl/skON4iLHjSsI+c5H38=
github.com/go-openapi/inflect v0.21.0 h1:FoBjBTQEcbg2cJUWX6uwL9OyIW8eqc9k4KhN4lfbeYk=
github.com/go-openapi/inflect v0.21.0/go.mod h1:INezMuUu7SJQc2AyR3WO0DqqYUJSj8Kb4hBd7WtjlAw=
github.com/go-sql-driver/mysql v1.8.0 h1:UtktXaU2Nb64z/pLiGIxY4431SJ4/dR5cjMmlVHgnT4=
github.com/go-sql-driver/mysql v1.8.0/go.mod h1:wEBSXgmK//2ZFJyE+qWnIsVGmvmEKlqwuVSjsCm7DZg=
github.com/go-test/deep v1.0.3 h1:ZrJSEWsXzPOxaZnFteGEfooLba+ju3FYIbOrS+rQd68=
github.com/go-test/deep v1.0.3/go.mod h1:wGDj63lr65AM2AQyKZd/NYHGb0R+1RLqB8NKt3aSFNA=
github.com/google/go-cmp v0.6.0 h1:ofyhxvXcZhMsU5ulbFiLKl/XBFqE1GSq7atu8tAmTRI=
github.com/google/go-cmp v0.6.0/go.mod h1:17dUlkBOakJ0+DkrSSNjCkIjxS6bF9zb3elmeNGIjoY=
github.com/google/uuid v1.6.0 h1:NIvaJDMOsjHA8n1jAhLSgzrAzy1Hgr+hNrb57e+94F0=
github.com/google/uuid v1.6.0/go.mod h1:TIyPZe4MgqvfeYDBFedMoGGpEw/LqOeaOT+nhxU+yHo=
github.com/hashicorp/hcl/v2 v2.20.0 h1:l++cRs/5jQOiKVvqXZm/P1ZEfVXJmvLS9WSVxkaeTb4=
github.com/hashicorp/hcl/v2 v2.20.0/go.mod h1:WmcD/Ym72MDOOx5F62Ly+leloeu6H7m0pG7VBiU6pQk=
github.com/kr/pretty v0.1.0 h1:L/CwN0zerZDmRFUapSPitk6f+Q3+0za1rQkzVuMiMFI=
github.com/kr/pretty v0.1.0/go.mod h1:dAy3ld7l9f0ibDNOQOHHMYYIIbhfbHSm3C4ZsoJORNo=
github.com/kr/text v0.2.0 h1:5Nx0Ya0ZqY2ygV366QzturHI13Jq95ApcVaJBhpS+AY=
github.com/kr/text v0.2.0/go.mod h1:eLer722TekiGuMkidMxC/pM04lWEeraHUUmBw8l2grE=
github.com/kylelemons/godebug v1.1.0 h1:RPNrshWIDI6G2gRW9EHilWtl7Z6Sb1BR0xunSBf0SNc=
github.com/kylelemons/godebug v1.1.0/go.mod h1:9/0rRGxNHcop5bhtWyNeEfOS8JIWk580+fNqagV/RAw=
github.com/mattn/go-sqlite3 v1.14.16 h1:yOQRA0RpS5PFz/oikGwBEqvAWhWg5ufRz4ETLjwpU1Y=
github.com/mattn/go-sqlite3 v1.14.16/go.mod h1:2eHXhiwb8IkHr+BDWZGa96P6+rkvnG63S2DGjv9HUNg=
github.com/mitchellh/go-wordwrap v1.0.1 h1:TLuKupo69TCn6TQSyGxwI1EblZZEsQ0vMlAFQflz0v0=
github.com/mitchellh/go-wordwrap v1.0.1/go.mod h1:R62XHJLzvMFRBbcrT7m7WgmE1eOyTSsCt+hzestvNj0=
github.com/pmezard/go-difflib v1.0.0 h1:4DBwDE0NGyQoBHbLQYPwSUPoCMWR5BEzIk/f1lZbAQM=
github.com/pmezard/go-difflib v1.0.0/go.mod h1:iKH77koFhYxTK1pcRnkKkqfTogsbg7gZNVY4sRDYZ/4=
github.com/sergi/go-diff v1.0.0 h1:Kpca3qRNrduNnOQeazBd0ysaKrUJiIuISHxogkT9RPQ=
github.com/sergi/go-diff v1.0.0/go.mod h1:0CfEIISq7TuYL3j771MWULgwwjU+GofnZX9QAmXWZgo=
github.com/stretchr/testify v1.8.2 h1:+h33VjcLVPDHtOdpUCuF+7gSuG3yGIftsP1YvFihtJ8=
github.com/stretchr/testify v1.8.2/go.mod h1:w2LPCIKwWwSfY2zedu0+kehJoqGctiVI29o6fzry7u4=
github.com/zclconf/go-cty v1.14.3 h1:1JXy1XroaGrzZuG6X9dt7HL6s9AwbY+l4UNL8o5B6ho=
github.com/zclconf/go-cty v1.14.3/go.mod h1:VvMs5i0vgZdhYawQNq5kePSpLAoz8u1xvZgrPIxfnZE=
golang.org/x/mod v0.16.0 h1:QX4fJ0Rr5cPQCF7O9lh9Se4pmwfwskqZfq5moyldzic=
golang.org/x/mod v0.16.0/go.mod h1:hTbmBsO62+eylJbnUtE2MGJUyE7QWk4xUqPFrRgJ+7c=
golang.org/x/sync v0.6.0 h1:5BMeUDZ7vkXGfEr1x9B4bRcTH4lpkTkpdh0T/J+qjbQ=
golang.org/x/sync v0.6.0/go.mod h1:Czt+wKu1gCyEFDUtn0jG5QVvpJ6rzVqr5aXyt9drQfk=
golang.org/x/text v0.14.0 h1:ScX5w1eTa3QqT8oi6+ziP7dTV1S2+ALU0bI+0zXKWiQ=
golang.org/x/text v0.14.0/go.mod h1:18ZOQIKpY8NJVqYksKHtTdi31H5itFRjB5/qKTNYzSU=
golang.org/x/tools v0.19.0 h1:tfGCXNR1OsFG+sVdLAitlpjAvD/I6dHDKnYrpEZUHkw=
golang.org/x/tools v0.19.0/go.mod h1:qoJWxmGSIBmAeriMx19ogtrEPrGtDbPK634QFIcLAhc=
gopkg.in/yaml.v3 v3.0.1 h1:fxVm/GzAzEWqLHuvctI91KS9hhNmmWOoWu0XTYJS7CA=
gopkg.in/yaml.v3 v3.0.1/go.mod h1:K4uyk7z7BCEPqu6E+C64Yfv1cQ7kz7rIZviUmN+EgEM=
